
Microsoft Visual Studio Solution File, Format Version 12.00
# Visual Studio Version 17
VisualStudioVersion = 17.0.31903.59
MinimumVisualStudioVersion = 10.0.40219.1
Project("{FAE04EC0-301F-11D3-BF4B-00C04F79EFBC}") = "ListaExercicios", "Exe1\ListaExercicios.csproj", "{C4FA5482-8EE0-4742-846E-C707DF745B46}"
EndProject
Project("{2150E333-8FDC-42A3-9474-1A3956D46DE8}") = "Exe1", "Exe1", "{9958A5B9-526A-4B44-BAA9-1EC10E452796}"
EndProject
Project("{2150E333-8FDC-42A3-9474-1A3956D46DE8}") = "ListaExercicios", "ListaExercicios", "{718490D9-C2E2-49E7-84E5-4F28BA5A3088}"
EndProject
Project("{FAE04EC0-301F-11D3-BF4B-00C04F79EFBC}") = "Exe2", "ListaExercicios\Exe2\Exe2.csproj", "{2D54BEDE-EF9E-42DD-B16D-9B62D9FD6554}"
EndProject
Global
	GlobalSection(SolutionConfigurationPlatforms) = preSolution
		Debug|Any CPU = Debug|Any CPU
		Release|Any CPU = Release|Any CPU
	EndGlobalSection
	GlobalSection(SolutionProperties) = preSolution
		HideSolutionNode = FALSE
	EndGlobalSection
	GlobalSection(ProjectConfigurationPlatforms) = postSolution
		{C4FA5482-8EE0-4742-846E-C707DF745B46}.Debug|Any CPU.ActiveCfg = Debug|Any CPU
		{C4FA5482-8EE0-4742-846E-C707DF745B46}.Debug|Any CPU.Build.0 = Debug|Any CPU
		{C4FA5482-8EE0-4742-846E-C707DF745B46}.Release|Any CPU.ActiveCfg = Release|Any CPU
		{C4FA5482-8EE0-4742-846E-C707DF745B46}.Release|Any CPU.Build.0 = Release|Any CPU
		{2D54BEDE-EF9E-42DD-B16D-9B62D9FD6554}.Debug|Any CPU.ActiveCfg = Debug|Any CPU
		{2D54BEDE-EF9E-42DD-B16D-9B62D9FD6554}.Debug|Any CPU.Build.0 = Debug|Any CPU
		{2D54BEDE-EF9E-42DD-B16D-9B62D9FD6554}.Release|Any CPU.ActiveCfg = Release|Any CPU
		{2D54BEDE-EF9E-42DD-B16D-9B62D9FD6554}.Release|Any CPU.Build.0 = Release|Any CPU
	EndGlobalSection
	GlobalSection(NestedProjects) = preSolution
		{C4FA5482-8EE0-4742-846E-C707DF745B46} = {9958A5B9-526A-4B44-BAA9-1EC10E452796}
		{2D54BEDE-EF9E-42DD-B16D-9B62D9FD6554} = {718490D9-C2E2-49E7-84E5-4F28BA5A3088}
	EndGlobalSection
EndGlobal
